
Microsoft Visual Studio Solution File, Format Version 12.00
# Visual Studio Version 16
VisualStudioVersion = 16.0.30413.136
MinimumVisualStudioVersion = 10.0.40219.1
Project("{8BC9CEB8-8B4A-11D0-8D11-00A0C91BC942}") = "OOP01", "OOP01\OOP01.vcxproj", "{6743126D-8F4A-4DD0-A44B-DC361E327254}"
EndProject
Global
	GlobalSection(SolutionConfigurationPlatforms) = preSolution
		Debug|x64 = Debug|x64
		Debug|x86 = Debug|x86
		Release|x64 = Release|x64
		Release|x86 = Release|x86
	EndGlobalSection
	GlobalSection(ProjectConfigurationPlatforms) = postSolution
		{6743126D-8F4A-4DD0-A44B-DC361E327254}.Debug|x64.ActiveCfg = Debug|x64
		{6743126D-8F4A-4DD0-A44B-DC361E327254}.Debug|x64.Build.0 = Debug|x64
		{6743126D-8F4A-4DD0-A44B-DC361E327254}.Debug|x86.ActiveCfg = Debug|Win32
		{6743126D-8F4A-4DD0-A44B-DC361E327254}.Debug|x86.Build.0 = Debug|Win32
		{6743126D-8F4A-4DD0-A44B-DC361E327254}.Release|x64.ActiveCfg = Release|x64
		{6743126D-8F4A-4DD0-A44B-DC361E327254}.Release|x64.Build.0 = Release|x64
		{6743126D-8F4A-4DD0-A44B-DC361E327254}.Release|x86.ActiveCfg = Release|Win32
		{6743126D-8F4A-4DD0-A44B-DC361E327254}.Release|x86.Build.0 = Release|Win32
	EndGlobalSection
	GlobalSection(SolutionProperties) = preSolution
		HideSolutionNode = FALSE
	EndGlobalSection
	GlobalSection(ExtensibilityGlobals) = postSolution
		SolutionGuid = {A3E6D6C5-640D-4BAC-851F-C4EDDE533366}
	EndGlobalSection
EndGlobal
